
Microsoft Visual Studio Solution File, Format Version 12.00
# Visual Studio Version 17
VisualStudioVersion = 17.0.31903.59
MinimumVisualStudioVersion = 10.0.40219.1
Project("{FAE04EC0-301F-11D3-BF4B-00C04F79EFBC}") = "Auth.CookieAndBearerAuth", "src\Auth.CookieAndBearerAuth\Auth.CookieAndBearerAuth.csproj", "{7CC13DB1-6125-45F7-BA90-CF0DD9195F76}"
EndProject
Project("{2150E333-8FDC-42A3-9474-1A3956D46DE8}") = "src", "src", "{62B715F1-EBDA-430F-B9A7-464BB84532AB}"
EndProject
Project("{2150E333-8FDC-42A3-9474-1A3956D46DE8}") = "tests", "tests", "{BC42F493-EFA9-47DA-BFD6-6C70CF9E28D4}"
EndProject
Project("{FAE04EC0-301F-11D3-BF4B-00C04F79EFBC}") = "Auth.Playground.AspIdentityApp", "src\Auth.Playground.AspIdentityApp\Auth.Playground.AspIdentityApp.csproj", "{B1A02921-EAC0-4555-BFB3-35A800A3CC91}"
EndProject
Project("{FAE04EC0-301F-11D3-BF4B-00C04F79EFBC}") = "Auth.Playground.CookieAuth", "src\Auth.Playground.CookieAuth\Auth.Playground.CookieAuth.csproj", "{F847688C-AB59-47C2-B9F6-AEE9E58FB8F8}"
EndProject
Project("{FAE04EC0-301F-11D3-BF4B-00C04F79EFBC}") = "Auth.Playground.WebApi", "src\Auth.Playground.WebApi\Auth.Playground.WebApi.csproj", "{F6E5CFA3-2AB2-480F-A20E-E85CDB61BE6F}"
EndProject
Project("{2150E333-8FDC-42A3-9474-1A3956D46DE8}") = "Authentication", "Authentication", "{6828C44E-1011-4FF8-BCD0-A3CD2B60F329}"
EndProject
Project("{2150E333-8FDC-42A3-9474-1A3956D46DE8}") = "IdentityServer", "IdentityServer", "{3AC7BE29-6B0A-418E-9202-0B5A59E88283}"
EndProject
Project("{FAE04EC0-301F-11D3-BF4B-00C04F79EFBC}") = "ImageGallery.API", "src\ImageGallery.API\ImageGallery.API.csproj", "{A1864DA4-7D58-4F41-9F03-4074315DC2E7}"
EndProject
Project("{FAE04EC0-301F-11D3-BF4B-00C04F79EFBC}") = "ImageGallery.Authorization", "src\ImageGallery.Authorization\ImageGallery.Authorization.csproj", "{DD87E1B8-AB3B-4C53-9CD4-5D353B5A037F}"
EndProject
Project("{FAE04EC0-301F-11D3-BF4B-00C04F79EFBC}") = "ImageGallery.Client", "src\ImageGallery.Client\ImageGallery.Client.csproj", "{C73E5AB5-3FC0-447C-9AD3-63DA09C07D1D}"
EndProject
Project("{FAE04EC0-301F-11D3-BF4B-00C04F79EFBC}") = "ImageGallery.Model", "src\ImageGallery.Model\ImageGallery.Model.csproj", "{29ECFD2B-B2F2-45F2-9B87-2A3D3BC413E6}"
EndProject
Project("{FAE04EC0-301F-11D3-BF4B-00C04F79EFBC}") = "Auth.IDP", "src\Auth.IDP\Auth.IDP.csproj", "{85A13F9C-BFF2-4C69-8DF5-04C1D655CA71}"
EndProject
Project("{2150E333-8FDC-42A3-9474-1A3956D46DE8}") = "Logging", "Logging", "{31AAA650-02CD-4FD5-B2FA-25DA872F29FC}"
EndProject
Project("{FAE04EC0-301F-11D3-BF4B-00C04F79EFBC}") = "LogToConsole", "src\LogToConsole\LogToConsole.csproj", "{6E3F20C6-05ED-46F2-9BA3-3149881B6AA4}"
EndProject
Project("{FAE04EC0-301F-11D3-BF4B-00C04F79EFBC}") = "LogToFile", "src\LogToFile\LogToFile.csproj", "{399C0315-B088-4D3E-AB8A-FE34898CBD74}"
EndProject
Project("{FAE04EC0-301F-11D3-BF4B-00C04F79EFBC}") = "LogToSqlite", "src\LogToSqlite\LogToSqlite.csproj", "{C8214786-F34F-4C9B-907B-6111382B078F}"
EndProject
Project("{FAE04EC0-301F-11D3-BF4B-00C04F79EFBC}") = "LogToSqlServer", "src\LogToSqlServer\LogToSqlServer.csproj", "{489B2514-D391-44C8-BDB8-8AD175521971}"
EndProject
Project("{2150E333-8FDC-42A3-9474-1A3956D46DE8}") = "docker-support", "docker-support", "{0623D6CB-3BE1-477C-9132-CD2C79610FB8}"
EndProject
Project("{FAE04EC0-301F-11D3-BF4B-00C04F79EFBC}") = "DockerSupport.Web", "docker-support\DockerSupport.Web\DockerSupport.Web.csproj", "{4CEB6981-844B-4FEB-A363-AE00B0173099}"
EndProject
Global
	GlobalSection(SolutionConfigurationPlatforms) = preSolution
		Debug|Any CPU = Debug|Any CPU
		Release|Any CPU = Release|Any CPU
	EndGlobalSection
	GlobalSection(SolutionProperties) = preSolution
		HideSolutionNode = FALSE
	EndGlobalSection
	GlobalSection(ProjectConfigurationPlatforms) = postSolution
		{7CC13DB1-6125-45F7-BA90-CF0DD9195F76}.Debug|Any CPU.ActiveCfg = Debug|Any CPU
		{7CC13DB1-6125-45F7-BA90-CF0DD9195F76}.Debug|Any CPU.Build.0 = Debug|Any CPU
		{7CC13DB1-6125-45F7-BA90-CF0DD9195F76}.Release|Any CPU.ActiveCfg = Release|Any CPU
		{7CC13DB1-6125-45F7-BA90-CF0DD9195F76}.Release|Any CPU.Build.0 = Release|Any CPU
		{B1A02921-EAC0-4555-BFB3-35A800A3CC91}.Debug|Any CPU.ActiveCfg = Debug|Any CPU
		{B1A02921-EAC0-4555-BFB3-35A800A3CC91}.Debug|Any CPU.Build.0 = Debug|Any CPU
		{B1A02921-EAC0-4555-BFB3-35A800A3CC91}.Release|Any CPU.ActiveCfg = Release|Any CPU
		{B1A02921-EAC0-4555-BFB3-35A800A3CC91}.Release|Any CPU.Build.0 = Release|Any CPU
		{F847688C-AB59-47C2-B9F6-AEE9E58FB8F8}.Debug|Any CPU.ActiveCfg = Debug|Any CPU
		{F847688C-AB59-47C2-B9F6-AEE9E58FB8F8}.Debug|Any CPU.Build.0 = Debug|Any CPU
		{F847688C-AB59-47C2-B9F6-AEE9E58FB8F8}.Release|Any CPU.ActiveCfg = Release|Any CPU
		{F847688C-AB59-47C2-B9F6-AEE9E58FB8F8}.Release|Any CPU.Build.0 = Release|Any CPU
		{F6E5CFA3-2AB2-480F-A20E-E85CDB61BE6F}.Debug|Any CPU.ActiveCfg = Debug|Any CPU
		{F6E5CFA3-2AB2-480F-A20E-E85CDB61BE6F}.Debug|Any CPU.Build.0 = Debug|Any CPU
		{F6E5CFA3-2AB2-480F-A20E-E85CDB61BE6F}.Release|Any CPU.ActiveCfg = Release|Any CPU
		{F6E5CFA3-2AB2-480F-A20E-E85CDB61BE6F}.Release|Any CPU.Build.0 = Release|Any CPU
		{A1864DA4-7D58-4F41-9F03-4074315DC2E7}.Debug|Any CPU.ActiveCfg = Debug|Any CPU
		{A1864DA4-7D58-4F41-9F03-4074315DC2E7}.Debug|Any CPU.Build.0 = Debug|Any CPU
		{A1864DA4-7D58-4F41-9F03-4074315DC2E7}.Release|Any CPU.ActiveCfg = Release|Any CPU
		{A1864DA4-7D58-4F41-9F03-4074315DC2E7}.Release|Any CPU.Build.0 = Release|Any CPU
		{DD87E1B8-AB3B-4C53-9CD4-5D353B5A037F}.Debug|Any CPU.ActiveCfg = Debug|Any CPU
		{DD87E1B8-AB3B-4C53-9CD4-5D353B5A037F}.Debug|Any CPU.Build.0 = Debug|Any CPU
		{DD87E1B8-AB3B-4C53-9CD4-5D353B5A037F}.Release|Any CPU.ActiveCfg = Release|Any CPU
		{DD87E1B8-AB3B-4C53-9CD4-5D353B5A037F}.Release|Any CPU.Build.0 = Release|Any CPU
		{C73E5AB5-3FC0-447C-9AD3-63DA09C07D1D}.Debug|Any CPU.ActiveCfg = Debug|Any CPU
		{C73E5AB5-3FC0-447C-9AD3-63DA09C07D1D}.Debug|Any CPU.Build.0 = Debug|Any CPU
		{C73E5AB5-3FC0-447C-9AD3-63DA09C07D1D}.Release|Any CPU.ActiveCfg = Release|Any CPU
		{C73E5AB5-3FC0-447C-9AD3-63DA09C07D1D}.Release|Any CPU.Build.0 = Release|Any CPU
		{29ECFD2B-B2F2-45F2-9B87-2A3D3BC413E6}.Debug|Any CPU.ActiveCfg = Debug|Any CPU
		{29ECFD2B-B2F2-45F2-9B87-2A3D3BC413E6}.Debug|Any CPU.Build.0 = Debug|Any CPU
		{29ECFD2B-B2F2-45F2-9B87-2A3D3BC413E6}.Release|Any CPU.ActiveCfg = Release|Any CPU
		{29ECFD2B-B2F2-45F2-9B87-2A3D3BC413E6}.Release|Any CPU.Build.0 = Release|Any CPU
		{85A13F9C-BFF2-4C69-8DF5-04C1D655CA71}.Debug|Any CPU.ActiveCfg = Debug|Any CPU
		{85A13F9C-BFF2-4C69-8DF5-04C1D655CA71}.Debug|Any CPU.Build.0 = Debug|Any CPU
		{85A13F9C-BFF2-4C69-8DF5-04C1D655CA71}.Release|Any CPU.ActiveCfg = Release|Any CPU
		{85A13F9C-BFF2-4C69-8DF5-04C1D655CA71}.Release|Any CPU.Build.0 = Release|Any CPU
		{6E3F20C6-05ED-46F2-9BA3-3149881B6AA4}.Debug|Any CPU.ActiveCfg = Debug|Any CPU
		{6E3F20C6-05ED-46F2-9BA3-3149881B6AA4}.Debug|Any CPU.Build.0 = Debug|Any CPU
		{6E3F20C6-05ED-46F2-9BA3-3149881B6AA4}.Release|Any CPU.ActiveCfg = Release|Any CPU
		{6E3F20C6-05ED-46F2-9BA3-3149881B6AA4}.Release|Any CPU.Build.0 = Release|Any CPU
		{399C0315-B088-4D3E-AB8A-FE34898CBD74}.Debug|Any CPU.ActiveCfg = Debug|Any CPU
		{399C0315-B088-4D3E-AB8A-FE34898CBD74}.Debug|Any CPU.Build.0 = Debug|Any CPU
		{399C0315-B088-4D3E-AB8A-FE34898CBD74}.Release|Any CPU.ActiveCfg = Release|Any CPU
		{399C0315-B088-4D3E-AB8A-FE34898CBD74}.Release|Any CPU.Build.0 = Release|Any CPU
		{C8214786-F34F-4C9B-907B-6111382B078F}.Debug|Any CPU.ActiveCfg = Debug|Any CPU
		{C8214786-F34F-4C9B-907B-6111382B078F}.Debug|Any CPU.Build.0 = Debug|Any CPU
		{C8214786-F34F-4C9B-907B-6111382B078F}.Release|Any CPU.ActiveCfg = Release|Any CPU
		{C8214786-F34F-4C9B-907B-6111382B078F}.Release|Any CPU.Build.0 = Release|Any CPU
		{489B2514-D391-44C8-BDB8-8AD175521971}.Debug|Any CPU.ActiveCfg = Debug|Any CPU
		{489B2514-D391-44C8-BDB8-8AD175521971}.Debug|Any CPU.Build.0 = Debug|Any CPU
		{489B2514-D391-44C8-BDB8-8AD175521971}.Release|Any CPU.ActiveCfg = Release|Any CPU
		{489B2514-D391-44C8-BDB8-8AD175521971}.Release|Any CPU.Build.0 = Release|Any CPU
		{4CEB6981-844B-4FEB-A363-AE00B0173099}.Debug|Any CPU.ActiveCfg = Debug|Any CPU
		{4CEB6981-844B-4FEB-A363-AE00B0173099}.Debug|Any CPU.Build.0 = Debug|Any CPU
		{4CEB6981-844B-4FEB-A363-AE00B0173099}.Release|Any CPU.ActiveCfg = Release|Any CPU
		{4CEB6981-844B-4FEB-A363-AE00B0173099}.Release|Any CPU.Build.0 = Release|Any CPU
	EndGlobalSection
	GlobalSection(NestedProjects) = preSolution
		{6828C44E-1011-4FF8-BCD0-A3CD2B60F329} = {62B715F1-EBDA-430F-B9A7-464BB84532AB}
		{3AC7BE29-6B0A-418E-9202-0B5A59E88283} = {6828C44E-1011-4FF8-BCD0-A3CD2B60F329}
		{A1864DA4-7D58-4F41-9F03-4074315DC2E7} = {3AC7BE29-6B0A-418E-9202-0B5A59E88283}
		{DD87E1B8-AB3B-4C53-9CD4-5D353B5A037F} = {3AC7BE29-6B0A-418E-9202-0B5A59E88283}
		{C73E5AB5-3FC0-447C-9AD3-63DA09C07D1D} = {3AC7BE29-6B0A-418E-9202-0B5A59E88283}
		{29ECFD2B-B2F2-45F2-9B87-2A3D3BC413E6} = {3AC7BE29-6B0A-418E-9202-0B5A59E88283}
		{85A13F9C-BFF2-4C69-8DF5-04C1D655CA71} = {3AC7BE29-6B0A-418E-9202-0B5A59E88283}
		{7CC13DB1-6125-45F7-BA90-CF0DD9195F76} = {6828C44E-1011-4FF8-BCD0-A3CD2B60F329}
		{B1A02921-EAC0-4555-BFB3-35A800A3CC91} = {6828C44E-1011-4FF8-BCD0-A3CD2B60F329}
		{F847688C-AB59-47C2-B9F6-AEE9E58FB8F8} = {6828C44E-1011-4FF8-BCD0-A3CD2B60F329}
		{F6E5CFA3-2AB2-480F-A20E-E85CDB61BE6F} = {6828C44E-1011-4FF8-BCD0-A3CD2B60F329}
		{31AAA650-02CD-4FD5-B2FA-25DA872F29FC} = {62B715F1-EBDA-430F-B9A7-464BB84532AB}
		{6E3F20C6-05ED-46F2-9BA3-3149881B6AA4} = {31AAA650-02CD-4FD5-B2FA-25DA872F29FC}
		{399C0315-B088-4D3E-AB8A-FE34898CBD74} = {31AAA650-02CD-4FD5-B2FA-25DA872F29FC}
		{C8214786-F34F-4C9B-907B-6111382B078F} = {31AAA650-02CD-4FD5-B2FA-25DA872F29FC}
		{489B2514-D391-44C8-BDB8-8AD175521971} = {31AAA650-02CD-4FD5-B2FA-25DA872F29FC}
		{4CEB6981-844B-4FEB-A363-AE00B0173099} = {0623D6CB-3BE1-477C-9132-CD2C79610FB8}
	EndGlobalSection
EndGlobal
