
Microsoft Visual Studio Solution File, Format Version 12.00
# Visual Studio Version 17
VisualStudioVersion = 17.5.002.0
MinimumVisualStudioVersion = 10.0.40219.1
Project("{9A19103F-16F7-4668-BE54-9A1E7A4F7556}") = "Auth.ActiveDirectory", "Auth.ActiveDirectory.csproj", "{7F6C6042-3BA4-4608-89F0-882411CF2744}"
EndProject
Global
	GlobalSection(SolutionConfigurationPlatforms) = preSolution
		Debug|Any CPU = Debug|Any CPU
		Release|Any CPU = Release|Any CPU
	EndGlobalSection
	GlobalSection(ProjectConfigurationPlatforms) = postSolution
		{7F6C6042-3BA4-4608-89F0-882411CF2744}.Debug|Any CPU.ActiveCfg = Debug|Any CPU
		{7F6C6042-3BA4-4608-89F0-882411CF2744}.Debug|Any CPU.Build.0 = Debug|Any CPU
		{7F6C6042-3BA4-4608-89F0-882411CF2744}.Release|Any CPU.ActiveCfg = Release|Any CPU
		{7F6C6042-3BA4-4608-89F0-882411CF2744}.Release|Any CPU.Build.0 = Release|Any CPU
	EndGlobalSection
	GlobalSection(SolutionProperties) = preSolution
		HideSolutionNode = FALSE
	EndGlobalSection
	GlobalSection(ExtensibilityGlobals) = postSolution
		SolutionGuid = {870983A0-A388-433A-9A14-28A81E778658}
	EndGlobalSection
EndGlobal
